// !$*UTF8*$!
{
	archiveVersion = 1;
	classes = {
	};
	objectVersion = 77;
	objects = {

/* Begin PBXContainerItemProxy section */
		710EB0662EC6F52300962BD5 /* PBXContainerItemProxy */ = {
			isa = PBXContainerItemProxy;
			containerPortal = 710EB04D2EC6F52100962BD5 /* Project object */;
			proxyType = 1;
			remoteGlobalIDString = 710EB0542EC6F52100962BD5;
			remoteInfo = PPE;
		};
		710EB0702EC6F52300962BD5 /* PBXContainerItemProxy */ = {
			isa = PBXContainerItemProxy;
			containerPortal = 710EB04D2EC6F52100962BD5 /* Project object */;
			proxyType = 1;
			remoteGlobalIDString = 710EB0542EC6F52100962BD5;
			remoteInfo = PPE;
		};
/* End PBXContainerItemProxy section */

/* Begin PBXFileReference section */
		710EB0552EC6F52100962BD5 /* PPE.app */ = {isa = PBXFileReference; explicitFileType = wrapper.application; includeInIndex = 0; path = PPE.app; sourceTree = BUILT_PRODUCTS_DIR; };
		710EB0652EC6F52300962BD5 /* PPETests.xctest */ = {isa = PBXFileReference; explicitFileType = wrapper.cfbundle; includeInIndex = 0; path = PPETests.xctest; sourceTree = BUILT_PRODUCTS_DIR; };
		710EB06F2EC6F52300962BD5 /* PPEUITests.xctest */ = {isa = PBXFileReference; explicitFileType = wrapper.cfbundle; includeInIndex = 0; path = PPEUITests.xctest; sourceTree = BUILT_PRODUCTS_DIR; };
/* End PBXFileReference section */

/* Begin PBXFileSystemSynchronizedBuildFileExceptionSet section */
		710EB0C72EC702F100962BD5 /* Exceptions for "PPE" folder in "PPE" target */ = {
			isa = PBXFileSystemSynchronizedBuildFileExceptionSet;
			membershipExceptions = (
				App/PPEApp.swift,
				Assets.xcassets,
				Managers/CameraManager.swift,
				Models/best.mlpackage,
				"Preview Content/Preview Assets.xcassets",
				ViewModels/CameraViewModel.swift,
				Views/Camera/CameraView.swift,
				Views/Camera/PixelBufferView.swift,
				Views/ContentView.swift,
			);
			target = 710EB0542EC6F52100962BD5 /* PPE */;
		};
		710EB0C82EC702F100962BD5 /* Exceptions for "PPE" folder in "PPETests" target */ = {
			isa = PBXFileSystemSynchronizedBuildFileExceptionSet;
			membershipExceptions = (
				App/PPEApp.swift,
				Assets.xcassets,
				Info.plist,
				Managers/CameraManager.swift,
				"Preview Content/Preview Assets.xcassets",
				ViewModels/CameraViewModel.swift,
				Views/Camera/CameraView.swift,
				Views/Camera/PixelBufferView.swift,
				Views/ContentView.swift,
			);
			target = 710EB0642EC6F52300962BD5 /* PPETests */;
		};
		710EB0CE2EC7040900962BD5 /* Exceptions for "PPE" folder in "PPEUITests" target */ = {
			isa = PBXFileSystemSynchronizedBuildFileExceptionSet;
			membershipExceptions = (
				Models/best.mlpackage,
			);
			target = 710EB06E2EC6F52300962BD5 /* PPEUITests */;
		};
/* End PBXFileSystemSynchronizedBuildFileExceptionSet section */

/* Begin PBXFileSystemSynchronizedRootGroup section */
		710EB0682EC6F52300962BD5 /* PPETests */ = {
			isa = PBXFileSystemSynchronizedRootGroup;
			path = PPETests;
			sourceTree = "<group>";
		};
		710EB0722EC6F52300962BD5 /* PPEUITests */ = {
			isa = PBXFileSystemSynchronizedRootGroup;
			path = PPEUITests;
			sourceTree = "<group>";
		};
		710EB0C22EC702F100962BD5 /* PPE */ = {
			isa = PBXFileSystemSynchronizedRootGroup;
			exceptions = (
				710EB0C72EC702F100962BD5 /* Exceptions for "PPE" folder in "PPE" target */,
				710EB0C82EC702F100962BD5 /* Exceptions for "PPE" folder in "PPETests" target */,
				710EB0CE2EC7040900962BD5 /* Exceptions for "PPE" folder in "PPEUITests" target */,
			);
			path = PPE;
			sourceTree = "<group>";
		};
/* End PBXFileSystemSynchronizedRootGroup section */

/* Begin PBXFrameworksBuildPhase section */
		710EB0522EC6F52100962BD5 /* Frameworks */ = {
			isa = PBXFrameworksBuildPhase;
			buildActionMask = 2147483647;
			files = (
			);
			runOnlyForDeploymentPostprocessing = 0;
		};
		710EB0622EC6F52300962BD5 /* Frameworks */ = {
			isa = PBXFrameworksBuildPhase;
			buildActionMask = 2147483647;
			files = (
			);
			runOnlyForDeploymentPostprocessing = 0;
		};
		710EB06C2EC6F52300962BD5 /* Frameworks */ = {
			isa = PBXFrameworksBuildPhase;
			buildActionMask = 2147483647;
			files = (
			);
			runOnlyForDeploymentPostprocessing = 0;
		};
/* End PBXFrameworksBuildPhase section */

/* Begin PBXGroup section */
		710EB04C2EC6F52100962BD5 = {
			isa = PBXGroup;
			children = (
				710EB0C22EC702F100962BD5 /* PPE */,
				710EB0682EC6F52300962BD5 /* PPETests */,
				710EB0722EC6F52300962BD5 /* PPEUITests */,
				710EB0562EC6F52100962BD5 /* Products */,
			);
			sourceTree = "<group>";
		};
		710EB0562EC6F52100962BD5 /* Products */ = {
			isa = PBXGroup;
			children = (
				710EB0552EC6F52100962BD5 /* PPE.app */,
				710EB0652EC6F52300962BD5 /* PPETests.xctest */,
				710EB06F2EC6F52300962BD5 /* PPEUITests.xctest */,
			);
			name = Products;
			sourceTree = "<group>";
		};
/* End PBXGroup section */

/* Begin PBXNativeTarget section */
		710EB0542EC6F52100962BD5 /* PPE */ = {
			isa = PBXNativeTarget;
			buildConfigurationList = 710EB0792EC6F52300962BD5 /* Build configuration list for PBXNativeTarget "PPE" */;
			buildPhases = (
				710EB0512EC6F52100962BD5 /* Sources */,
				710EB0522EC6F52100962BD5 /* Frameworks */,
				710EB0532EC6F52100962BD5 /* Resources */,
			);
			buildRules = (
			);
			dependencies = (
			);
			name = PPE;
			packageProductDependencies = (
			);
			productName = PPE;
			productReference = 710EB0552EC6F52100962BD5 /* PPE.app */;
			productType = "com.apple.product-type.application";
		};
		710EB0642EC6F52300962BD5 /* PPETests */ = {
			isa = PBXNativeTarget;
			buildConfigurationList = 710EB07C2EC6F52300962BD5 /* Build configuration list for PBXNativeTarget "PPETests" */;
			buildPhases = (
				710EB0612EC6F52300962BD5 /* Sources */,
				710EB0622EC6F52300962BD5 /* Frameworks */,
				710EB0632EC6F52300962BD5 /* Resources */,
			);
			buildRules = (
			);
			dependencies = (
				710EB0672EC6F52300962BD5 /* PBXTargetDependency */,
			);
			fileSystemSynchronizedGroups = (
				710EB0682EC6F52300962BD5 /* PPETests */,
				710EB0C22EC702F100962BD5 /* PPE */,
			);
			name = PPETests;
			packageProductDependencies = (
			);
			productName = PPETests;
			productReference = 710EB0652EC6F52300962BD5 /* PPETests.xctest */;
			productType = "com.apple.product-type.bundle.unit-test";
		};
		710EB06E2EC6F52300962BD5 /* PPEUITests */ = {
			isa = PBXNativeTarget;
			buildConfigurationList = 710EB07F2EC6F52300962BD5 /* Build configuration list for PBXNativeTarget "PPEUITests" */;
			buildPhases = (
				710EB06B2EC6F52300962BD5 /* Sources */,
				710EB06C2EC6F52300962BD5 /* Frameworks */,
				710EB06D2EC6F52300962BD5 /* Resources */,
			);
			buildRules = (
			);
			dependencies = (
				710EB0712EC6F52300962BD5 /* PBXTargetDependency */,
			);
			fileSystemSynchronizedGroups = (
				710EB0722EC6F52300962BD5 /* PPEUITests */,
			);
			name = PPEUITests;
			packageProductDependencies = (
			);
			productName = PPEUITests;
			productReference = 710EB06F2EC6F52300962BD5 /* PPEUITests.xctest */;
			productType = "com.apple.product-type.bundle.ui-testing";
		};
/* End PBXNativeTarget section */

/* Begin PBXProject section */
		710EB04D2EC6F52100962BD5 /* Project object */ = {
			isa = PBXProject;
			attributes = {
				BuildIndependentTargetsInParallel = 1;
				LastSwiftUpdateCheck = 1620;
				LastUpgradeCheck = 1620;
				TargetAttributes = {
					710EB0542EC6F52100962BD5 = {
						CreatedOnToolsVersion = 16.2;
					};
					710EB0642EC6F52300962BD5 = {
						CreatedOnToolsVersion = 16.2;
						TestTargetID = 710EB0542EC6F52100962BD5;
					};
					710EB06E2EC6F52300962BD5 = {
						CreatedOnToolsVersion = 16.2;
						TestTargetID = 710EB0542EC6F52100962BD5;
					};
				};
			};
			buildConfigurationList = 710EB0502EC6F52100962BD5 /* Build configuration list for PBXProject "PPE" */;
			developmentRegion = en;
			hasScannedForEncodings = 0;
			knownRegions = (
				en,
				Base,
			);
			mainGroup = 710EB04C2EC6F52100962BD5;
			minimizedProjectReferenceProxies = 1;
			preferredProjectObjectVersion = 77;
			productRefGroup = 710EB0562EC6F52100962BD5 /* Products */;
			projectDirPath = "";
			projectRoot = "";
			targets = (
				710EB0542EC6F52100962BD5 /* PPE */,
				710EB0642EC6F52300962BD5 /* PPETests */,
				710EB06E2EC6F52300962BD5 /* PPEUITests */,
			);
		};
/* End PBXProject section */

/* Begin PBXResourcesBuildPhase section */
		710EB0532EC6F52100962BD5 /* Resources */ = {
			isa = PBXResourcesBuildPhase;
			buildActionMask = 2147483647;
			files = (
			);
			runOnlyForDeploymentPostprocessing = 0;
		};
		710EB0632EC6F52300962BD5 /* Resources */ = {
			isa = PBXResourcesBuildPhase;
			buildActionMask = 2147483647;
			files = (
			);
			runOnlyForDeploymentPostprocessing = 0;
		};
		710EB06D2EC6F52300962BD5 /* Resources */ = {
			isa = PBXResourcesBuildPhase;
			buildActionMask = 2147483647;
			files = (
			);
			runOnlyForDeploymentPostprocessing = 0;
		};
/* End PBXResourcesBuildPhase section */

/* Begin PBXSourcesBuildPhase section */
		710EB0512EC6F52100962BD5 /* Sources */ = {
			isa = PBXSourcesBuildPhase;
			buildActionMask = 2147483647;
			files = (
			);
			runOnlyForDeploymentPostprocessing = 0;
		};
		710EB0612EC6F52300962BD5 /* Sources */ = {
			isa = PBXSourcesBuildPhase;
			buildActionMask = 2147483647;
			files = (
			);
			runOnlyForDeploymentPostprocessing = 0;
		};
		710EB06B2EC6F52300962BD5 /* Sources */ = {
			isa = PBXSourcesBuildPhase;
			buildActionMask = 2147483647;
			files = (
			);
			runOnlyForDeploymentPostprocessing = 0;
		};
/* End PBXSourcesBuildPhase section */

/* Begin PBXTargetDependency section */
		710EB0672EC6F52300962BD5 /* PBXTargetDependency */ = {
			isa = PBXTargetDependency;
			target = 710EB0542EC6F52100962BD5 /* PPE */;
			targetProxy = 710EB0662EC6F52300962BD5 /* PBXContainerItemProxy */;
		};
		710EB0712EC6F52300962BD5 /* PBXTargetDependency */ = {
			isa = PBXTargetDependency;
			target = 710EB0542EC6F52100962BD5 /* PPE */;
			targetProxy = 710EB0702EC6F52300962BD5 /* PBXContainerItemProxy */;
		};
/* End PBXTargetDependency section */

/* Begin XCBuildConfiguration section */
		710EB0772EC6F52300962BD5 /* Debug */ = {
			isa = XCBuildConfiguration;
			buildSettings = {
				ALWAYS_SEARCH_USER_PATHS = NO;
				ASSETCATALOG_COMPILER_GENERATE_SWIFT_ASSET_SYMBOL_EXTENSIONS = YES;
				CLANG_ANALYZER_NONNULL = YES;
				CLANG_ANALYZER_NUMBER_OBJECT_CONVERSION = YES_AGGRESSIVE;
				CLANG_CXX_LANGUAGE_STANDARD = "gnu++20";
				CLANG_ENABLE_MODULES = YES;
				CLANG_ENABLE_OBJC_ARC = YES;
				CLANG_ENABLE_OBJC_WEAK = YES;
				CLANG_WARN_BLOCK_CAPTURE_AUTORELEASING = YES;
				CLANG_WARN_BOOL_CONVERSION = YES;
				CLANG_WARN_COMMA = YES;
				CLANG_WARN_CONSTANT_CONVERSION = YES;
				CLANG_WARN_DEPRECATED_OBJC_IMPLEMENTATIONS = YES;
				CLANG_WARN_DIRECT_OBJC_ISA_USAGE = YES_ERROR;
				CLANG_WARN_DOCUMENTATION_COMMENTS = YES;
				CLANG_WARN_EMPTY_BODY = YES;
				CLANG_WARN_ENUM_CONVERSION = YES;
				CLANG_WARN_INFINITE_RECURSION = YES;
				CLANG_WARN_INT_CONVERSION = YES;
				CLANG_WARN_NON_LITERAL_NULL_CONVERSION = YES;
				CLANG_WARN_OBJC_IMPLICIT_RETAIN_SELF = YES;
				CLANG_WARN_OBJC_LITERAL_CONVERSION = YES;
				CLANG_WARN_OBJC_ROOT_CLASS = YES_ERROR;
				CLANG_WARN_QUOTED_INCLUDE_IN_FRAMEWORK_HEADER = YES;
				CLANG_WARN_RANGE_LOOP_ANALYSIS = YES;
				CLANG_WARN_STRICT_PROTOTYPES = YES;
				CLANG_WARN_SUSPICIOUS_MOVE = YES;
				CLANG_WARN_UNGUARDED_AVAILABILITY = YES_AGGRESSIVE;
				CLANG_WARN_UNREACHABLE_CODE = YES;
				CLANG_WARN__DUPLICATE_METHOD_MATCH = YES;
				COPY_PHASE_STRIP = NO;
				DEBUG_INFORMATION_FORMAT = dwarf;
				ENABLE_STRICT_OBJC_MSGSEND = YES;
				ENABLE_TESTABILITY = YES;
				ENABLE_USER_SCRIPT_SANDBOXING = YES;
				GCC_C_LANGUAGE_STANDARD = gnu17;
				GCC_DYNAMIC_NO_PIC = NO;
				GCC_NO_COMMON_BLOCKS = YES;
				GCC_OPTIMIZATION_LEVEL = 0;
				GCC_PREPROCESSOR_DEFINITIONS = (
					"DEBUG=1",
					"$(inherited)",
				);
				GCC_WARN_64_TO_32_BIT_CONVERSION = YES;
				GCC_WARN_ABOUT_RETURN_TYPE = YES_ERROR;
				GCC_WARN_UNDECLARED_SELECTOR = YES;
				GCC_WARN_UNINITIALIZED_AUTOS = YES_AGGRESSIVE;
				GCC_WARN_UNUSED_FUNCTION = YES;
				GCC_WARN_UNUSED_VARIABLE = YES;
				IPHONEOS_DEPLOYMENT_TARGET = 18.2;
				LOCALIZATION_PREFERS_STRING_CATALOGS = YES;
				MTL_ENABLE_DEBUG_INFO = INCLUDE_SOURCE;
				MTL_FAST_MATH = YES;
				ONLY_ACTIVE_ARCH = YES;
				SDKROOT = iphoneos;
				SWIFT_ACTIVE_COMPILATION_CONDITIONS = "DEBUG $(inherited)";
				SWIFT_OPTIMIZATION_LEVEL = "-Onone";
			};
			name = Debug;
		};
		710EB0782EC6F52300962BD5 /* Release */ = {
			isa = XCBuildConfiguration;
			buildSettings = {
				ALWAYS_SEARCH_USER_PATHS = NO;
				ASSETCATALOG_COMPILER_GENERATE_SWIFT_ASSET_SYMBOL_EXTENSIONS = YES;
				CLANG_ANALYZER_NONNULL = YES;
				CLANG_ANALYZER_NUMBER_OBJECT_CONVERSION = YES_AGGRESSIVE;
				CLANG_CXX_LANGUAGE_STANDARD = "gnu++20";
				CLANG_ENABLE_MODULES = YES;
				CLANG_ENABLE_OBJC_ARC = YES;
				CLANG_ENABLE_OBJC_WEAK = YES;
				CLANG_WARN_BLOCK_CAPTURE_AUTORELEASING = YES;
				CLANG_WARN_BOOL_CONVERSION = YES;
				CLANG_WARN_COMMA = YES;
				CLANG_WARN_CONSTANT_CONVERSION = YES;
				CLANG_WARN_DEPRECATED_OBJC_IMPLEMENTATIONS = YES;
				CLANG_WARN_DIRECT_OBJC_ISA_USAGE = YES_ERROR;
				CLANG_WARN_DOCUMENTATION_COMMENTS = YES;
				CLANG_WARN_EMPTY_BODY = YES;
				CLANG_WARN_ENUM_CONVERSION = YES;
				CLANG_WARN_INFINITE_RECURSION = YES;
				CLANG_WARN_INT_CONVERSION = YES;
				CLANG_WARN_NON_LITERAL_NULL_CONVERSION = YES;
				CLANG_WARN_OBJC_IMPLICIT_RETAIN_SELF = YES;
				CLANG_WARN_OBJC_LITERAL_CONVERSION = YES;
				CLANG_WARN_OBJC_ROOT_CLASS = YES_ERROR;
				CLANG_WARN_QUOTED_INCLUDE_IN_FRAMEWORK_HEADER = YES;
				CLANG_WARN_RANGE_LOOP_ANALYSIS = YES;
				CLANG_WARN_STRICT_PROTOTYPES = YES;
				CLANG_WARN_SUSPICIOUS_MOVE = YES;
				CLANG_WARN_UNGUARDED_AVAILABILITY = YES_AGGRESSIVE;
				CLANG_WARN_UNREACHABLE_CODE = YES;
				CLANG_WARN__DUPLICATE_METHOD_MATCH = YES;
				COPY_PHASE_STRIP = NO;
				DEBUG_INFORMATION_FORMAT = "dwarf-with-dsym";
				ENABLE_NS_ASSERTIONS = NO;
				ENABLE_STRICT_OBJC_MSGSEND = YES;
				ENABLE_USER_SCRIPT_SANDBOXING = YES;
				GCC_C_LANGUAGE_STANDARD = gnu17;
				GCC_NO_COMMON_BLOCKS = YES;
				GCC_WARN_64_TO_32_BIT_CONVERSION = YES;
				GCC_WARN_ABOUT_RETURN_TYPE = YES_ERROR;
				GCC_WARN_UNDECLARED_SELECTOR = YES;
				GCC_WARN_UNINITIALIZED_AUTOS = YES_AGGRESSIVE;
				GCC_WARN_UNUSED_FUNCTION = YES;
				GCC_WARN_UNUSED_VARIABLE = YES;
				IPHONEOS_DEPLOYMENT_TARGET = 18.2;
				LOCALIZATION_PREFERS_STRING_CATALOGS = YES;
				MTL_ENABLE_DEBUG_INFO = NO;
				MTL_FAST_MATH = YES;
				SDKROOT = iphoneos;
				SWIFT_COMPILATION_MODE = wholemodule;
				VALIDATE_PRODUCT = YES;
			};
			name = Release;
		};
		710EB07A2EC6F52300962BD5 /* Debug */ = {
			isa = XCBuildConfiguration;
			buildSettings = {
				ASSETCATALOG_COMPILER_APPICON_NAME = AppIcon;
				ASSETCATALOG_COMPILER_GLOBAL_ACCENT_COLOR_NAME = AccentColor;
				CODE_SIGN_STYLE = Automatic;
				CURRENT_PROJECT_VERSION = 1;
				DEVELOPMENT_ASSET_PATHS = "\"PPE/Preview Content\"";
				DEVELOPMENT_TEAM = R83JF9K5WA;
				ENABLE_PREVIEWS = YES;
				GENERATE_INFOPLIST_FILE = YES;
				INFOPLIST_FILE = PPE/Info.plist;
				INFOPLIST_KEY_NSCameraUsageDescription = "안전장비 착용여부 확인을 위해 카메라 권한을 허용해주세요.";
				INFOPLIST_KEY_UIApplicationSceneManifest_Generation = YES;
				INFOPLIST_KEY_UIApplicationSupportsIndirectInputEvents = YES;
				INFOPLIST_KEY_UILaunchScreen_Generation = YES;
				INFOPLIST_KEY_UISupportedInterfaceOrientations_iPad = "UIInterfaceOrientationPortrait UIInterfaceOrientationPortraitUpsideDown UIInterfaceOrientationLandscapeLeft UIInterfaceOrientationLandscapeRight";
				INFOPLIST_KEY_UISupportedInterfaceOrientations_iPhone = "UIInterfaceOrientationPortrait UIInterfaceOrientationLandscapeLeft UIInterfaceOrientationLandscapeRight";
				LD_RUNPATH_SEARCH_PATHS = (
					"$(inherited)",
					"@executable_path/Frameworks",
				);
				MARKETING_VERSION = 1.0;
				PRODUCT_BUNDLE_IDENTIFIER = Siye.PPE;
				PRODUCT_NAME = "$(TARGET_NAME)";
				SWIFT_EMIT_LOC_STRINGS = YES;
				SWIFT_VERSION = 5.0;
				TARGETED_DEVICE_FAMILY = "1,2";
			};
			name = Debug;
		};
		710EB07B2EC6F52300962BD5 /* Release */ = {
			isa = XCBuildConfiguration;
			buildSettings = {
				ASSETCATALOG_COMPILER_APPICON_NAME = AppIcon;
				ASSETCATALOG_COMPILER_GLOBAL_ACCENT_COLOR_NAME = AccentColor;
				CODE_SIGN_STYLE = Automatic;
				CURRENT_PROJECT_VERSION = 1;
				DEVELOPMENT_ASSET_PATHS = "\"PPE/Preview Content\"";
				DEVELOPMENT_TEAM = R83JF9K5WA;
				ENABLE_PREVIEWS = YES;
				GENERATE_INFOPLIST_FILE = YES;
				INFOPLIST_FILE = PPE/Info.plist;
				INFOPLIST_KEY_NSCameraUsageDescription = "안전장비 착용여부 확인을 위해 카메라 권한을 허용해주세요.";
				INFOPLIST_KEY_UIApplicationSceneManifest_Generation = YES;
				INFOPLIST_KEY_UIApplicationSupportsIndirectInputEvents = YES;
				INFOPLIST_KEY_UILaunchScreen_Generation = YES;
				INFOPLIST_KEY_UISupportedInterfaceOrientations_iPad = "UIInterfaceOrientationPortrait UIInterfaceOrientationPortraitUpsideDown UIInterfaceOrientationLandscapeLeft UIInterfaceOrientationLandscapeRight";
				INFOPLIST_KEY_UISupportedInterfaceOrientations_iPhone = "UIInterfaceOrientationPortrait UIInterfaceOrientationLandscapeLeft UIInterfaceOrientationLandscapeRight";
				LD_RUNPATH_SEARCH_PATHS = (
					"$(inherited)",
					"@executable_path/Frameworks",
				);
				MARKETING_VERSION = 1.0;
				PRODUCT_BUNDLE_IDENTIFIER = Siye.PPE;
				PRODUCT_NAME = "$(TARGET_NAME)";
				SWIFT_EMIT_LOC_STRINGS = YES;
				SWIFT_VERSION = 5.0;
				TARGETED_DEVICE_FAMILY = "1,2";
			};
			name = Release;
		};
		710EB07D2EC6F52300962BD5 /* Debug */ = {
			isa = XCBuildConfiguration;
			buildSettings = {
				BUNDLE_LOADER = "$(TEST_HOST)";
				CODE_SIGN_STYLE = Automatic;
				CURRENT_PROJECT_VERSION = 1;
				GENERATE_INFOPLIST_FILE = YES;
				IPHONEOS_DEPLOYMENT_TARGET = 18.2;
				MARKETING_VERSION = 1.0;
				PRODUCT_BUNDLE_IDENTIFIER = Siye.PPETests;
				PRODUCT_NAME = "$(TARGET_NAME)";
				SWIFT_EMIT_LOC_STRINGS = NO;
				SWIFT_VERSION = 5.0;
				TARGETED_DEVICE_FAMILY = "1,2";
				TEST_HOST = "$(BUILT_PRODUCTS_DIR)/PPE.app/$(BUNDLE_EXECUTABLE_FOLDER_PATH)/PPE";
			};
			name = Debug;
		};
		710EB07E2EC6F52300962BD5 /* Release */ = {
			isa = XCBuildConfiguration;
			buildSettings = {
				BUNDLE_LOADER = "$(TEST_HOST)";
				CODE_SIGN_STYLE = Automatic;
				CURRENT_PROJECT_VERSION = 1;
				GENERATE_INFOPLIST_FILE = YES;
				IPHONEOS_DEPLOYMENT_TARGET = 18.2;
				MARKETING_VERSION = 1.0;
				PRODUCT_BUNDLE_IDENTIFIER = Siye.PPETests;
				PRODUCT_NAME = "$(TARGET_NAME)";
				SWIFT_EMIT_LOC_STRINGS = NO;
				SWIFT_VERSION = 5.0;
				TARGETED_DEVICE_FAMILY = "1,2";
				TEST_HOST = "$(BUILT_PRODUCTS_DIR)/PPE.app/$(BUNDLE_EXECUTABLE_FOLDER_PATH)/PPE";
			};
			name = Release;
		};
		710EB0802EC6F52300962BD5 /* Debug */ = {
			isa = XCBuildConfiguration;
			buildSettings = {
				CODE_SIGN_STYLE = Automatic;
				CURRENT_PROJECT_VERSION = 1;
				GENERATE_INFOPLIST_FILE = YES;
				MARKETING_VERSION = 1.0;
				PRODUCT_BUNDLE_IDENTIFIER = Siye.PPEUITests;
				PRODUCT_NAME = "$(TARGET_NAME)";
				SWIFT_EMIT_LOC_STRINGS = NO;
				SWIFT_VERSION = 5.0;
				TARGETED_DEVICE_FAMILY = "1,2";
				TEST_TARGET_NAME = PPE;
			};
			name = Debug;
		};
		710EB0812EC6F52300962BD5 /* Release */ = {
			isa = XCBuildConfiguration;
			buildSettings = {
				CODE_SIGN_STYLE = Automatic;
				CURRENT_PROJECT_VERSION = 1;
				GENERATE_INFOPLIST_FILE = YES;
				MARKETING_VERSION = 1.0;
				PRODUCT_BUNDLE_IDENTIFIER = Siye.PPEUITests;
				PRODUCT_NAME = "$(TARGET_NAME)";
				SWIFT_EMIT_LOC_STRINGS = NO;
				SWIFT_VERSION = 5.0;
				TARGETED_DEVICE_FAMILY = "1,2";
				TEST_TARGET_NAME = PPE;
			};
			name = Release;
		};
/* End XCBuildConfiguration section */

/* Begin XCConfigurationList section */
		710EB0502EC6F52100962BD5 /* Build configuration list for PBXProject "PPE" */ = {
			isa = XCConfigurationList;
			buildConfigurations = (
				710EB0772EC6F52300962BD5 /* Debug */,
				710EB0782EC6F52300962BD5 /* Release */,
			);
			defaultConfigurationIsVisible = 0;
			defaultConfigurationName = Release;
		};
		710EB0792EC6F52300962BD5 /* Build configuration list for PBXNativeTarget "PPE" */ = {
			isa = XCConfigurationList;
			buildConfigurations = (
				710EB07A2EC6F52300962BD5 /* Debug */,
				710EB07B2EC6F52300962BD5 /* Release */,
			);
			defaultConfigurationIsVisible = 0;
			defaultConfigurationName = Release;
		};
		710EB07C2EC6F52300962BD5 /* Build configuration list for PBXNativeTarget "PPETests" */ = {
			isa = XCConfigurationList;
			buildConfigurations = (
				710EB07D2EC6F52300962BD5 /* Debug */,
				710EB07E2EC6F52300962BD5 /* Release */,
			);
			defaultConfigurationIsVisible = 0;
			defaultConfigurationName = Release;
		};
		710EB07F2EC6F52300962BD5 /* Build configuration list for PBXNativeTarget "PPEUITests" */ = {
			isa = XCConfigurationList;
			buildConfigurations = (
				710EB0802EC6F52300962BD5 /* Debug */,
				710EB0812EC6F52300962BD5 /* Release */,
			);
			defaultConfigurationIsVisible = 0;
			defaultConfigurationName = Release;
		};
/* End XCConfigurationList section */
	};
	rootObject = 710EB04D2EC6F52100962BD5 /* Project object */;
}
